
Microsoft Visual Studio Solution File, Format Version 12.00
# Visual Studio Version 17
VisualStudioVersion = 17.1.32421.90
MinimumVisualStudioVersion = 10.0.40219.1
Project("{FAE04EC0-301F-11D3-BF4B-00C04F79EFBC}") = "GestaoJogadores", "GestaoJogadores.csproj", "{3A41CB3C-A449-41F2-8AFA-A4FA407AE20D}"
EndProject
Global
	GlobalSection(SolutionConfigurationPlatforms) = preSolution
		Debug|Any CPU = Debug|Any CPU
		Release|Any CPU = Release|Any CPU
	EndGlobalSection
	GlobalSection(ProjectConfigurationPlatforms) = postSolution
		{3A41CB3C-A449-41F2-8AFA-A4FA407AE20D}.Debug|Any CPU.ActiveCfg = Debug|Any CPU
		{3A41CB3C-A449-41F2-8AFA-A4FA407AE20D}.Debug|Any CPU.Build.0 = Debug|Any CPU
		{3A41CB3C-A449-41F2-8AFA-A4FA407AE20D}.Release|Any CPU.ActiveCfg = Release|Any CPU
		{3A41CB3C-A449-41F2-8AFA-A4FA407AE20D}.Release|Any CPU.Build.0 = Release|Any CPU
	EndGlobalSection
	GlobalSection(SolutionProperties) = preSolution
		HideSolutionNode = FALSE
	EndGlobalSection
	GlobalSection(ExtensibilityGlobals) = postSolution
		SolutionGuid = {1AB8A325-900B-40E7-B415-D59E1D7704A0}
	EndGlobalSection
EndGlobal
