
Microsoft Visual Studio Solution File, Format Version 12.00
# Visual Studio Version 17
VisualStudioVersion = 17.1.32421.90
MinimumVisualStudioVersion = 10.0.40219.1
Project("{FAE04EC0-301F-11D3-BF4B-00C04F79EFBC}") = "9-ConexaoComBanco", "9-ConexaoComBanco.csproj", "{4EED535D-073F-44F3-A9B9-B74F77CA179A}"
EndProject
Global
	GlobalSection(SolutionConfigurationPlatforms) = preSolution
		Debug|Any CPU = Debug|Any CPU
		Release|Any CPU = Release|Any CPU
	EndGlobalSection
	GlobalSection(ProjectConfigurationPlatforms) = postSolution
		{4EED535D-073F-44F3-A9B9-B74F77CA179A}.Debug|Any CPU.ActiveCfg = Debug|Any CPU
		{4EED535D-073F-44F3-A9B9-B74F77CA179A}.Debug|Any CPU.Build.0 = Debug|Any CPU
		{4EED535D-073F-44F3-A9B9-B74F77CA179A}.Release|Any CPU.ActiveCfg = Release|Any CPU
		{4EED535D-073F-44F3-A9B9-B74F77CA179A}.Release|Any CPU.Build.0 = Release|Any CPU
	EndGlobalSection
	GlobalSection(SolutionProperties) = preSolution
		HideSolutionNode = FALSE
	EndGlobalSection
	GlobalSection(ExtensibilityGlobals) = postSolution
		SolutionGuid = {6FF3CA6B-C729-4F22-9DDB-50C83438A610}
	EndGlobalSection
EndGlobal
