
Microsoft Visual Studio Solution File, Format Version 12.00
# Visual Studio Version 17
VisualStudioVersion = 17.1.32421.90
MinimumVisualStudioVersion = 10.0.40219.1
Project("{9A19103F-16F7-4668-BE54-9A1E7A4F7556}") = "Exercicio2", "Exercicio2.csproj", "{79D6BBC9-8CEE-416B-857A-515AA4CF47FB}"
EndProject
Global
	GlobalSection(SolutionConfigurationPlatforms) = preSolution
		Debug|Any CPU = Debug|Any CPU
		Release|Any CPU = Release|Any CPU
	EndGlobalSection
	GlobalSection(ProjectConfigurationPlatforms) = postSolution
		{79D6BBC9-8CEE-416B-857A-515AA4CF47FB}.Debug|Any CPU.ActiveCfg = Debug|Any CPU
		{79D6BBC9-8CEE-416B-857A-515AA4CF47FB}.Debug|Any CPU.Build.0 = Debug|Any CPU
		{79D6BBC9-8CEE-416B-857A-515AA4CF47FB}.Release|Any CPU.ActiveCfg = Release|Any CPU
		{79D6BBC9-8CEE-416B-857A-515AA4CF47FB}.Release|Any CPU.Build.0 = Release|Any CPU
	EndGlobalSection
	GlobalSection(SolutionProperties) = preSolution
		HideSolutionNode = FALSE
	EndGlobalSection
	GlobalSection(ExtensibilityGlobals) = postSolution
		SolutionGuid = {41B5C2F6-ED96-4F45-A633-F9C10CBE027B}
	EndGlobalSection
EndGlobal
