
Microsoft Visual Studio Solution File, Format Version 12.00
# Visual Studio Version 17
VisualStudioVersion = 17.1.32421.90
MinimumVisualStudioVersion = 10.0.40219.1
Project("{FAE04EC0-301F-11D3-BF4B-00C04F79EFBC}") = "Exercicio18", "Exercicio18.csproj", "{C4861E40-9D67-4A9D-913A-B31AA25DFD9A}"
EndProject
Global
	GlobalSection(SolutionConfigurationPlatforms) = preSolution
		Debug|Any CPU = Debug|Any CPU
		Release|Any CPU = Release|Any CPU
	EndGlobalSection
	GlobalSection(ProjectConfigurationPlatforms) = postSolution
		{C4861E40-9D67-4A9D-913A-B31AA25DFD9A}.Debug|Any CPU.ActiveCfg = Debug|Any CPU
		{C4861E40-9D67-4A9D-913A-B31AA25DFD9A}.Debug|Any CPU.Build.0 = Debug|Any CPU
		{C4861E40-9D67-4A9D-913A-B31AA25DFD9A}.Release|Any CPU.ActiveCfg = Release|Any CPU
		{C4861E40-9D67-4A9D-913A-B31AA25DFD9A}.Release|Any CPU.Build.0 = Release|Any CPU
	EndGlobalSection
	GlobalSection(SolutionProperties) = preSolution
		HideSolutionNode = FALSE
	EndGlobalSection
	GlobalSection(ExtensibilityGlobals) = postSolution
		SolutionGuid = {2A6A186B-E2B8-4A58-BA0A-36CC72806705}
	EndGlobalSection
EndGlobal
